
Microsoft Visual Studio Solution File, Format Version 12.00
# Visual Studio 15
VisualStudioVersion = 15.0.28307.1231
MinimumVisualStudioVersion = 10.0.40219.1
Project("{FAE04EC0-301F-11D3-BF4B-00C04F79EFBC}") = "Iterative Statement", "Iterative Statement\Iterative Statement.csproj", "{2B8AC255-8016-4C73-9D1F-2B6D353753BE}"
EndProject
Global
	GlobalSection(SolutionConfigurationPlatforms) = preSolution
		Debug|Any CPU = Debug|Any CPU
		Release|Any CPU = Release|Any CPU
	EndGlobalSection
	GlobalSection(ProjectConfigurationPlatforms) = postSolution
		{2B8AC255-8016-4C73-9D1F-2B6D353753BE}.Debug|Any CPU.ActiveCfg = Debug|Any CPU
		{2B8AC255-8016-4C73-9D1F-2B6D353753BE}.Debug|Any CPU.Build.0 = Debug|Any CPU
		{2B8AC255-8016-4C73-9D1F-2B6D353753BE}.Release|Any CPU.ActiveCfg = Release|Any CPU
		{2B8AC255-8016-4C73-9D1F-2B6D353753BE}.Release|Any CPU.Build.0 = Release|Any CPU
	EndGlobalSection
	GlobalSection(SolutionProperties) = preSolution
		HideSolutionNode = FALSE
	EndGlobalSection
	GlobalSection(ExtensibilityGlobals) = postSolution
		SolutionGuid = {8A3AEB2A-EEB0-4407-9C20-48E0A76A52A0}
	EndGlobalSection
EndGlobal
